{
  "name": "ethereum-lists",
  "version": "1.0.0",
  "lockfileVersion": 1,
  "requires": true,
  "dependencies": {
    "component-type": {
      "version": "1.2.1",
      "resolved": "https://registry.npmjs.org/component-type/-/component-type-1.2.1.tgz",
      "integrity": "sha1-ikeQFwAjjk/DIml3EjAibyS0Fak=",
      "dev": true
    },
    "eivindfjeldstad-dot": {
      "version": "0.0.1",
      "resolved": "https://registry.npmjs.org/eivindfjeldstad-dot/-/eivindfjeldstad-dot-0.0.1.tgz",
      "integrity": "sha1-IvyXa/rzBuCDmjHbjoITSA+vuJM=",
      "dev": true
    },
    "typecast": {
      "version": "0.0.1",
      "resolved": "https://registry.npmjs.org/typecast/-/typecast-0.0.1.tgz",
      "integrity": "sha1-//t13La98d744pO2tuiT1sHtGd4=",
      "dev": true
    },
    "validate": {
      "version": "4.5.1",
      "resolved": "https://registry.npmjs.org/validate/-/validate-4.5.1.tgz",
      "integrity": "sha512-ZdfYYgJDVrx4oxamyW0ynIoW8jIAoAeb8/pSu9XF+WCZueGogUMU7cGYHVUiWAJDc7RO3QR/EBhhkP46Wn9Hng==",
      "dev": true,
      "requires": {
        "component-type": "1.2.1",
        "eivindfjeldstad-dot": "0.0.1",
        "typecast": "0.0.1"
      }
    }
  }
}
